// !$*UTF8*$!
{
	archiveVersion = 1;
	classes = {
	};
	objectVersion = 46;
	objects = {

/* Begin PBXBuildFile section */
		C0AFA6A114FC23A500D57D58 /* FiestaEvent.m in Sources */ = {isa = PBXBuildFile; fileRef = C0AFA6A014FC23A500D57D58 /* FiestaEvent.m */; };
		C0AFA6A514FC2AC600D57D58 /* EventPage.m in Sources */ = {isa = PBXBuildFile; fileRef = C0AFA6A414FC2AC600D57D58 /* EventPage.m */; };
		F47D7E3E14F4937C00360F70 /* UITableViewController.xib in Resources */ = {isa = PBXBuildFile; fileRef = F47D7E3D14F4937C00360F70 /* UITableViewController.xib */; };
		F47D7E4314F49B6000360F70 /* AddEvent.m in Sources */ = {isa = PBXBuildFile; fileRef = F47D7E4114F49B6000360F70 /* AddEvent.m */; };
		F47D7E4414F49B6000360F70 /* AddEvent.xib in Resources */ = {isa = PBXBuildFile; fileRef = F47D7E4214F49B6000360F70 /* AddEvent.xib */; };
		F487169B14E794B3004FAB70 /* UIKit.framework in Frameworks */ = {isa = PBXBuildFile; fileRef = F487169A14E794B3004FAB70 /* UIKit.framework */; };
		F487169D14E794B3004FAB70 /* Foundation.framework in Frameworks */ = {isa = PBXBuildFile; fileRef = F487169C14E794B3004FAB70 /* Foundation.framework */; };
		F487169F14E794B3004FAB70 /* CoreGraphics.framework in Frameworks */ = {isa = PBXBuildFile; fileRef = F487169E14E794B3004FAB70 /* CoreGraphics.framework */; };
		F48716A514E794B3004FAB70 /* InfoPlist.strings in Resources */ = {isa = PBXBuildFile; fileRef = F48716A314E794B3004FAB70 /* InfoPlist.strings */; };
		F48716A714E794B3004FAB70 /* main.m in Sources */ = {isa = PBXBuildFile; fileRef = F48716A614E794B3004FAB70 /* main.m */; };
		F48716AB14E794B3004FAB70 /* MenuViewAppDelegate.m in Sources */ = {isa = PBXBuildFile; fileRef = F48716AA14E794B3004FAB70 /* MenuViewAppDelegate.m */; };
		F48716AE14E794B3004FAB70 /* MainStoryboard.storyboard in Resources */ = {isa = PBXBuildFile; fileRef = F48716AC14E794B3004FAB70 /* MainStoryboard.storyboard */; };
		F48716B114E794B3004FAB70 /* MenuViewViewController.m in Sources */ = {isa = PBXBuildFile; fileRef = F48716B014E794B3004FAB70 /* MenuViewViewController.m */; };
		F48716B914E794CE004FAB70 /* MenuView.m in Sources */ = {isa = PBXBuildFile; fileRef = F48716B814E794CE004FAB70 /* MenuView.m */; };
/* End PBXBuildFile section */

/* Begin PBXFileReference section */
		C0AFA69F14FC23A500D57D58 /* FiestaEvent.h */ = {isa = PBXFileReference; fileEncoding = 4; lastKnownFileType = sourcecode.c.h; path = FiestaEvent.h; sourceTree = "<group>"; };
		C0AFA6A014FC23A500D57D58 /* FiestaEvent.m */ = {isa = PBXFileReference; fileEncoding = 4; lastKnownFileType = sourcecode.c.objc; path = FiestaEvent.m; sourceTree = "<group>"; };
		C0AFA6A314FC2AC600D57D58 /* EventPage.h */ = {isa = PBXFileReference; fileEncoding = 4; lastKnownFileType = sourcecode.c.h; path = EventPage.h; sourceTree = "<group>"; };
		C0AFA6A414FC2AC600D57D58 /* EventPage.m */ = {isa = PBXFileReference; fileEncoding = 4; lastKnownFileType = sourcecode.c.objc; path = EventPage.m; sourceTree = "<group>"; };
		F47D7E3D14F4937C00360F70 /* UITableViewController.xib */ = {isa = PBXFileReference; fileEncoding = 4; lastKnownFileType = file.xib; path = UITableViewController.xib; sourceTree = "<group>"; };
		F47D7E4014F49B6000360F70 /* AddEvent.h */ = {isa = PBXFileReference; fileEncoding = 4; lastKnownFileType = sourcecode.c.h; path = AddEvent.h; sourceTree = "<group>"; };
		F47D7E4114F49B6000360F70 /* AddEvent.m */ = {isa = PBXFileReference; fileEncoding = 4; lastKnownFileType = sourcecode.c.objc; path = AddEvent.m; sourceTree = "<group>"; };
		F47D7E4214F49B6000360F70 /* AddEvent.xib */ = {isa = PBXFileReference; fileEncoding = 4; lastKnownFileType = file.xib; path = AddEvent.xib; sourceTree = "<group>"; };
		F487169614E794B3004FAB70 /* FiestaApp.app */ = {isa = PBXFileReference; explicitFileType = wrapper.application; includeInIndex = 0; path = FiestaApp.app; sourceTree = BUILT_PRODUCTS_DIR; };
		F487169A14E794B3004FAB70 /* UIKit.framework */ = {isa = PBXFileReference; lastKnownFileType = wrapper.framework; name = UIKit.framework; path = System/Library/Frameworks/UIKit.framework; sourceTree = SDKROOT; };
		F487169C14E794B3004FAB70 /* Foundation.framework */ = {isa = PBXFileReference; lastKnownFileType = wrapper.framework; name = Foundation.framework; path = System/Library/Frameworks/Foundation.framework; sourceTree = SDKROOT; };
		F487169E14E794B3004FAB70 /* CoreGraphics.framework */ = {isa = PBXFileReference; lastKnownFileType = wrapper.framework; name = CoreGraphics.framework; path = System/Library/Frameworks/CoreGraphics.framework; sourceTree = SDKROOT; };
		F48716A214E794B3004FAB70 /* FiestaApp-Info.plist */ = {isa = PBXFileReference; lastKnownFileType = text.plist.xml; path = "FiestaApp-Info.plist"; sourceTree = "<group>"; };
		F48716A414E794B3004FAB70 /* en */ = {isa = PBXFileReference; lastKnownFileType = text.plist.strings; name = en; path = en.lproj/InfoPlist.strings; sourceTree = "<group>"; };
		F48716A614E794B3004FAB70 /* main.m */ = {isa = PBXFileReference; lastKnownFileType = sourcecode.c.objc; path = main.m; sourceTree = "<group>"; };
		F48716A814E794B3004FAB70 /* FiestaApp-Prefix.pch */ = {isa = PBXFileReference; lastKnownFileType = sourcecode.c.h; path = "FiestaApp-Prefix.pch"; sourceTree = "<group>"; };
		F48716A914E794B3004FAB70 /* MenuViewAppDelegate.h */ = {isa = PBXFileReference; lastKnownFileType = sourcecode.c.h; path = MenuViewAppDelegate.h; sourceTree = "<group>"; };
		F48716AA14E794B3004FAB70 /* MenuViewAppDelegate.m */ = {isa = PBXFileReference; lastKnownFileType = sourcecode.c.objc; path = MenuViewAppDelegate.m; sourceTree = "<group>"; };
		F48716AD14E794B3004FAB70 /* en */ = {isa = PBXFileReference; lastKnownFileType = file.storyboard; name = en; path = en.lproj/MainStoryboard.storyboard; sourceTree = "<group>"; };
		F48716AF14E794B3004FAB70 /* MenuViewViewController.h */ = {isa = PBXFileReference; lastKnownFileType = sourcecode.c.h; path = MenuViewViewController.h; sourceTree = "<group>"; };
		F48716B014E794B3004FAB70 /* MenuViewViewController.m */ = {isa = PBXFileReference; lastKnownFileType = sourcecode.c.objc; path = MenuViewViewController.m; sourceTree = "<group>"; };
		F48716B714E794CE004FAB70 /* MenuView.h */ = {isa = PBXFileReference; fileEncoding = 4; lastKnownFileType = sourcecode.c.h; path = MenuView.h; sourceTree = "<group>"; };
		F48716B814E794CE004FAB70 /* MenuView.m */ = {isa = PBXFileReference; fileEncoding = 4; lastKnownFileType = sourcecode.c.objc; path = MenuView.m; sourceTree = "<group>"; };
/* End PBXFileReference section */

/* Begin PBXFrameworksBuildPhase section */
		F487169314E794B3004FAB70 /* Frameworks */ = {
			isa = PBXFrameworksBuildPhase;
			buildActionMask = 2147483647;
			files = (
				F487169B14E794B3004FAB70 /* UIKit.framework in Frameworks */,
				F487169D14E794B3004FAB70 /* Foundation.framework in Frameworks */,
				F487169F14E794B3004FAB70 /* CoreGraphics.framework in Frameworks */,
			);
			runOnlyForDeploymentPostprocessing = 0;
		};
/* End PBXFrameworksBuildPhase section */

/* Begin PBXGroup section */
		F487168B14E794B3004FAB70 = {
			isa = PBXGroup;
			children = (
				F48716A014E794B3004FAB70 /* FiestaApp */,
				F487169914E794B3004FAB70 /* Frameworks */,
				F487169714E794B3004FAB70 /* Products */,
			);
			sourceTree = "<group>";
		};
		F487169714E794B3004FAB70 /* Products */ = {
			isa = PBXGroup;
			children = (
				F487169614E794B3004FAB70 /* FiestaApp.app */,
			);
			name = Products;
			sourceTree = "<group>";
		};
		F487169914E794B3004FAB70 /* Frameworks */ = {
			isa = PBXGroup;
			children = (
				F487169A14E794B3004FAB70 /* UIKit.framework */,
				F487169C14E794B3004FAB70 /* Foundation.framework */,
				F487169E14E794B3004FAB70 /* CoreGraphics.framework */,
			);
			name = Frameworks;
			sourceTree = "<group>";
		};
		F48716A014E794B3004FAB70 /* FiestaApp */ = {
			isa = PBXGroup;
			children = (
				F48716A914E794B3004FAB70 /* MenuViewAppDelegate.h */,
				F48716AA14E794B3004FAB70 /* MenuViewAppDelegate.m */,
				F48716AC14E794B3004FAB70 /* MainStoryboard.storyboard */,
				C0AFA6A314FC2AC600D57D58 /* EventPage.h */,
				C0AFA6A414FC2AC600D57D58 /* EventPage.m */,
				F47D7E3D14F4937C00360F70 /* UITableViewController.xib */,
				F48716B714E794CE004FAB70 /* MenuView.h */,
				F48716B814E794CE004FAB70 /* MenuView.m */,
				F48716AF14E794B3004FAB70 /* MenuViewViewController.h */,
				F47D7E4014F49B6000360F70 /* AddEvent.h */,
				F47D7E4114F49B6000360F70 /* AddEvent.m */,
				C0AFA69F14FC23A500D57D58 /* FiestaEvent.h */,
				C0AFA6A014FC23A500D57D58 /* FiestaEvent.m */,
				F47D7E4214F49B6000360F70 /* AddEvent.xib */,
				F48716B014E794B3004FAB70 /* MenuViewViewController.m */,
				F48716A114E794B3004FAB70 /* Supporting Files */,
			);
			path = FiestaApp;
			sourceTree = "<group>";
		};
		F48716A114E794B3004FAB70 /* Supporting Files */ = {
			isa = PBXGroup;
			children = (
				F48716A214E794B3004FAB70 /* FiestaApp-Info.plist */,
				F48716A314E794B3004FAB70 /* InfoPlist.strings */,
				F48716A614E794B3004FAB70 /* main.m */,
				F48716A814E794B3004FAB70 /* FiestaApp-Prefix.pch */,
			);
			name = "Supporting Files";
			sourceTree = "<group>";
		};
/* End PBXGroup section */

/* Begin PBXNativeTarget section */
		F487169514E794B3004FAB70 /* FiestaApp */ = {
			isa = PBXNativeTarget;
			buildConfigurationList = F48716B414E794B3004FAB70 /* Build configuration list for PBXNativeTarget "FiestaApp" */;
			buildPhases = (
				F487169214E794B3004FAB70 /* Sources */,
				F487169314E794B3004FAB70 /* Frameworks */,
				F487169414E794B3004FAB70 /* Resources */,
			);
			buildRules = (
			);
			dependencies = (
			);
			name = FiestaApp;
			productName = FiestaApp;
			productReference = F487169614E794B3004FAB70 /* FiestaApp.app */;
			productType = "com.apple.product-type.application";
		};
/* End PBXNativeTarget section */

/* Begin PBXProject section */
		F487168D14E794B3004FAB70 /* Project object */ = {
			isa = PBXProject;
			attributes = {
				LastUpgradeCheck = 0420;
				ORGANIZATIONNAME = "University of California, Davis";
			};
			buildConfigurationList = F487169014E794B3004FAB70 /* Build configuration list for PBXProject "FiestaApp" */;
			compatibilityVersion = "Xcode 3.2";
			developmentRegion = English;
			hasScannedForEncodings = 0;
			knownRegions = (
				en,
			);
			mainGroup = F487168B14E794B3004FAB70;
			productRefGroup = F487169714E794B3004FAB70 /* Products */;
			projectDirPath = "";
			projectRoot = "";
			targets = (
				F487169514E794B3004FAB70 /* FiestaApp */,
			);
		};
/* End PBXProject section */

/* Begin PBXResourcesBuildPhase section */
		F487169414E794B3004FAB70 /* Resources */ = {
			isa = PBXResourcesBuildPhase;
			buildActionMask = 2147483647;
			files = (
				F48716A514E794B3004FAB70 /* InfoPlist.strings in Resources */,
				F48716AE14E794B3004FAB70 /* MainStoryboard.storyboard in Resources */,
				F47D7E3E14F4937C00360F70 /* UITableViewController.xib in Resources */,
				F47D7E4414F49B6000360F70 /* AddEvent.xib in Resources */,
			);
			runOnlyForDeploymentPostprocessing = 0;
		};
/* End PBXResourcesBuildPhase section */

/* Begin PBXSourcesBuildPhase section */
		F487169214E794B3004FAB70 /* Sources */ = {
			isa = PBXSourcesBuildPhase;
			buildActionMask = 2147483647;
			files = (
				F48716A714E794B3004FAB70 /* main.m in Sources */,
				F48716AB14E794B3004FAB70 /* MenuViewAppDelegate.m in Sources */,
				F48716B114E794B3004FAB70 /* MenuViewViewController.m in Sources */,
				F48716B914E794CE004FAB70 /* MenuView.m in Sources */,
				F47D7E4314F49B6000360F70 /* AddEvent.m in Sources */,
				C0AFA6A114FC23A500D57D58 /* FiestaEvent.m in Sources */,
				C0AFA6A514FC2AC600D57D58 /* EventPage.m in Sources */,
			);
			runOnlyForDeploymentPostprocessing = 0;
		};
/* End PBXSourcesBuildPhase section */

/* Begin PBXVariantGroup section */
		F48716A314E794B3004FAB70 /* InfoPlist.strings */ = {
			isa = PBXVariantGroup;
			children = (
				F48716A414E794B3004FAB70 /* en */,
			);
			name = InfoPlist.strings;
			sourceTree = "<group>";
		};
		F48716AC14E794B3004FAB70 /* MainStoryboard.storyboard */ = {
			isa = PBXVariantGroup;
			children = (
				F48716AD14E794B3004FAB70 /* en */,
			);
			name = MainStoryboard.storyboard;
			sourceTree = "<group>";
		};
/* End PBXVariantGroup section */

/* Begin XCBuildConfiguration section */
		F48716B214E794B3004FAB70 /* Debug */ = {
			isa = XCBuildConfiguration;
			buildSettings = {
				ALWAYS_SEARCH_USER_PATHS = NO;
				ARCHS = "$(ARCHS_STANDARD_32_BIT)";
				CLANG_ENABLE_OBJC_ARC = YES;
				"CODE_SIGN_IDENTITY[sdk=iphoneos*]" = "iPhone Developer";
				COPY_PHASE_STRIP = NO;
				GCC_C_LANGUAGE_STANDARD = gnu99;
				GCC_DYNAMIC_NO_PIC = NO;
				GCC_OPTIMIZATION_LEVEL = 0;
				GCC_PREPROCESSOR_DEFINITIONS = (
					"DEBUG=1",
					"$(inherited)",
				);
				GCC_SYMBOLS_PRIVATE_EXTERN = NO;
				GCC_VERSION = com.apple.compilers.llvm.clang.1_0;
				GCC_WARN_ABOUT_MISSING_PROTOTYPES = YES;
				GCC_WARN_ABOUT_RETURN_TYPE = YES;
				GCC_WARN_UNUSED_VARIABLE = YES;
				IPHONEOS_DEPLOYMENT_TARGET = 5.0;
				SDKROOT = iphoneos;
			};
			name = Debug;
		};
		F48716B314E794B3004FAB70 /* Release */ = {
			isa = XCBuildConfiguration;
			buildSettings = {
				ALWAYS_SEARCH_USER_PATHS = NO;
				ARCHS = "$(ARCHS_STANDARD_32_BIT)";
				CLANG_ENABLE_OBJC_ARC = YES;
				"CODE_SIGN_IDENTITY[sdk=iphoneos*]" = "iPhone Developer";
				COPY_PHASE_STRIP = YES;
				GCC_C_LANGUAGE_STANDARD = gnu99;
				GCC_VERSION = com.apple.compilers.llvm.clang.1_0;
				GCC_WARN_ABOUT_MISSING_PROTOTYPES = YES;
				GCC_WARN_ABOUT_RETURN_TYPE = YES;
				GCC_WARN_UNUSED_VARIABLE = YES;
				IPHONEOS_DEPLOYMENT_TARGET = 5.0;
				OTHER_CFLAGS = "-DNS_BLOCK_ASSERTIONS=1";
				SDKROOT = iphoneos;
				VALIDATE_PRODUCT = YES;
			};
			name = Release;
		};
		F48716B514E794B3004FAB70 /* Debug */ = {
			isa = XCBuildConfiguration;
			buildSettings = {
				GCC_PRECOMPILE_PREFIX_HEADER = YES;
				GCC_PREFIX_HEADER = "FiestaApp/FiestaApp-Prefix.pch";
				INFOPLIST_FILE = "FiestaApp/FiestaApp-Info.plist";
				PRODUCT_NAME = "$(TARGET_NAME)";
				WRAPPER_EXTENSION = app;
			};
			name = Debug;
		};
		F48716B614E794B3004FAB70 /* Release */ = {
			isa = XCBuildConfiguration;
			buildSettings = {
				GCC_PRECOMPILE_PREFIX_HEADER = YES;
				GCC_PREFIX_HEADER = "FiestaApp/FiestaApp-Prefix.pch";
				INFOPLIST_FILE = "FiestaApp/FiestaApp-Info.plist";
				PRODUCT_NAME = "$(TARGET_NAME)";
				WRAPPER_EXTENSION = app;
			};
			name = Release;
		};
/* End XCBuildConfiguration section */

/* Begin XCConfigurationList section */
		F487169014E794B3004FAB70 /* Build configuration list for PBXProject "FiestaApp" */ = {
			isa = XCConfigurationList;
			buildConfigurations = (
				F48716B214E794B3004FAB70 /* Debug */,
				F48716B314E794B3004FAB70 /* Release */,
			);
			defaultConfigurationIsVisible = 0;
			defaultConfigurationName = Release;
		};
		F48716B414E794B3004FAB70 /* Build configuration list for PBXNativeTarget "FiestaApp" */ = {
			isa = XCConfigurationList;
			buildConfigurations = (
				F48716B514E794B3004FAB70 /* Debug */,
				F48716B614E794B3004FAB70 /* Release */,
			);
			defaultConfigurationIsVisible = 0;
			defaultConfigurationName = Release;
		};
/* End XCConfigurationList section */
	};
	rootObject = F487168D14E794B3004FAB70 /* Project object */;
}
